
Microsoft Visual Studio Solution File, Format Version 12.00
# Visual Studio Version 17
VisualStudioVersion = 17.10.35004.147
MinimumVisualStudioVersion = 10.0.40219.1
Project("{FAE04EC0-301F-11D3-BF4B-00C04F79EFBC}") = "SodukuSolver", "SodukuSolver\SodukuSolver.csproj", "{EB793E71-CE22-4CC4-9A98-855042558273}"
EndProject
Global
	GlobalSection(SolutionConfigurationPlatforms) = preSolution
		Debug|Any CPU = Debug|Any CPU
		Release|Any CPU = Release|Any CPU
	EndGlobalSection
	GlobalSection(ProjectConfigurationPlatforms) = postSolution
		{EB793E71-CE22-4CC4-9A98-855042558273}.Debug|Any CPU.ActiveCfg = Debug|Any CPU
		{EB793E71-CE22-4CC4-9A98-855042558273}.Debug|Any CPU.Build.0 = Debug|Any CPU
		{EB793E71-CE22-4CC4-9A98-855042558273}.Release|Any CPU.ActiveCfg = Release|Any CPU
		{EB793E71-CE22-4CC4-9A98-855042558273}.Release|Any CPU.Build.0 = Release|Any CPU
	EndGlobalSection
	GlobalSection(SolutionProperties) = preSolution
		HideSolutionNode = FALSE
	EndGlobalSection
	GlobalSection(ExtensibilityGlobals) = postSolution
		SolutionGuid = {4529BD4C-F66B-41B0-B6F5-C93A58C9FEE9}
	EndGlobalSection
EndGlobal
